
Microsoft Visual Studio Solution File, Format Version 12.00
# Visual Studio 2013
VisualStudioVersion = 12.0.31101.0
MinimumVisualStudioVersion = 10.0.40219.1
Project("{FAE04EC0-301F-11D3-BF4B-00C04F79EFBC}") = "Production", "Production\Production.csproj", "{F9EF2AF7-2090-48B9-9BF4-BF53E301DAE1}"
EndProject
Project("{FAE04EC0-301F-11D3-BF4B-00C04F79EFBC}") = "Tests", "Tests\Tests.csproj", "{1289F643-2051-483E-90E3-0CAA3440D8E2}"
EndProject
Global
	GlobalSection(SolutionConfigurationPlatforms) = preSolution
		Debug|Any CPU = Debug|Any CPU
		Release|Any CPU = Release|Any CPU
	EndGlobalSection
	GlobalSection(ProjectConfigurationPlatforms) = postSolution
		{F9EF2AF7-2090-48B9-9BF4-BF53E301DAE1}.Debug|Any CPU.ActiveCfg = Debug|Any CPU
		{F9EF2AF7-2090-48B9-9BF4-BF53E301DAE1}.Debug|Any CPU.Build.0 = Debug|Any CPU
		{F9EF2AF7-2090-48B9-9BF4-BF53E301DAE1}.Release|Any CPU.ActiveCfg = Release|Any CPU
		{F9EF2AF7-2090-48B9-9BF4-BF53E301DAE1}.Release|Any CPU.Build.0 = Release|Any CPU
		{1289F643-2051-483E-90E3-0CAA3440D8E2}.Debug|Any CPU.ActiveCfg = Debug|Any CPU
		{1289F643-2051-483E-90E3-0CAA3440D8E2}.Debug|Any CPU.Build.0 = Debug|Any CPU
		{1289F643-2051-483E-90E3-0CAA3440D8E2}.Release|Any CPU.ActiveCfg = Release|Any CPU
		{1289F643-2051-483E-90E3-0CAA3440D8E2}.Release|Any CPU.Build.0 = Release|Any CPU
	EndGlobalSection
	GlobalSection(SolutionProperties) = preSolution
		HideSolutionNode = FALSE
	EndGlobalSection
EndGlobal
